// !$*UTF8*$!
{
	archiveVersion = 1;
	classes = {
	};
	objectVersion = 50;
	objects = {

/* Begin PBXBuildFile section */
		980FE73120BB574300D99417 /* AppDelegate.swift in Sources */ = {isa = PBXBuildFile; fileRef = 980FE73020BB574300D99417 /* AppDelegate.swift */; };
		980FE73320BB574300D99417 /* FeedVC.swift in Sources */ = {isa = PBXBuildFile; fileRef = 980FE73220BB574300D99417 /* FeedVC.swift */; };
		980FE73520BB574300D99417 /* GroupVC.swift in Sources */ = {isa = PBXBuildFile; fileRef = 980FE73420BB574300D99417 /* GroupVC.swift */; };
		980FE73820BB574300D99417 /* Main.storyboard in Resources */ = {isa = PBXBuildFile; fileRef = 980FE73620BB574300D99417 /* Main.storyboard */; };
		980FE73A20BB574500D99417 /* Assets.xcassets in Resources */ = {isa = PBXBuildFile; fileRef = 980FE73920BB574500D99417 /* Assets.xcassets */; };
		980FE73D20BB574500D99417 /* LaunchScreen.storyboard in Resources */ = {isa = PBXBuildFile; fileRef = 980FE73B20BB574500D99417 /* LaunchScreen.storyboard */; };
		980FE74C20BB59FA00D99417 /* GoogleService-Info.plist in Resources */ = {isa = PBXBuildFile; fileRef = 980FE74B20BB59FA00D99417 /* GoogleService-Info.plist */; };
		985BFD99211BB11C00DB10C2 /* MeVC.swift in Sources */ = {isa = PBXBuildFile; fileRef = 985BFD98211BB11C00DB10C2 /* MeVC.swift */; };
		985BFD9B211BB5D600DB10C2 /* CreatePostVC.swift in Sources */ = {isa = PBXBuildFile; fileRef = 985BFD9A211BB5D600DB10C2 /* CreatePostVC.swift */; };
		986962182106995E00A0497E /* Pods_codeX.framework in Frameworks */ = {isa = PBXBuildFile; fileRef = 986962172106995E00A0497E /* Pods_codeX.framework */; };
		986BF41D20BBB85C000EE0CD /* DataService.swift in Sources */ = {isa = PBXBuildFile; fileRef = 986BF41C20BBB85C000EE0CD /* DataService.swift */; };
		986BF41F20BC768D000EE0CD /* AuthVC.swift in Sources */ = {isa = PBXBuildFile; fileRef = 986BF41E20BC768D000EE0CD /* AuthVC.swift */; };
		986BF42120BC76D7000EE0CD /* LoginVC.swift in Sources */ = {isa = PBXBuildFile; fileRef = 986BF42020BC76D7000EE0CD /* LoginVC.swift */; };
		986BF42320BC7724000EE0CD /* InsetTextField.swift in Sources */ = {isa = PBXBuildFile; fileRef = 986BF42220BC7724000EE0CD /* InsetTextField.swift */; };
		986BF42520BC7A68000EE0CD /* ShadowView.swift in Sources */ = {isa = PBXBuildFile; fileRef = 986BF42420BC7A68000EE0CD /* ShadowView.swift */; };
		986BF42720BC7C6E000EE0CD /* AuthService.swift in Sources */ = {isa = PBXBuildFile; fileRef = 986BF42620BC7C6E000EE0CD /* AuthService.swift */; };
		98A82E73211E31F300E7AC58 /* CreateGroupsVC.swift in Sources */ = {isa = PBXBuildFile; fileRef = 98A82E72211E31F300E7AC58 /* CreateGroupsVC.swift */; };
		98EF80202129049900AFA00E /* UserCell.swift in Sources */ = {isa = PBXBuildFile; fileRef = 98EF801F2129049900AFA00E /* UserCell.swift */; };
		98EF80222129D48200AFA00E /* GroupCell.swift in Sources */ = {isa = PBXBuildFile; fileRef = 98EF80212129D48200AFA00E /* GroupCell.swift */; };
		98EF80242129DA8C00AFA00E /* Group.swift in Sources */ = {isa = PBXBuildFile; fileRef = 98EF80232129DA8C00AFA00E /* Group.swift */; };
		98F92DA6211D26D800E3EE00 /* UIViewExt.swift in Sources */ = {isa = PBXBuildFile; fileRef = 98F92DA5211D26D800E3EE00 /* UIViewExt.swift */; };
		98F92DA8211D383200E3EE00 /* FeedCell.swift in Sources */ = {isa = PBXBuildFile; fileRef = 98F92DA7211D383200E3EE00 /* FeedCell.swift */; };
		98F92DAA211D39A300E3EE00 /* Message.swift in Sources */ = {isa = PBXBuildFile; fileRef = 98F92DA9211D39A300E3EE00 /* Message.swift */; };
/* End PBXBuildFile section */

/* Begin PBXFileReference section */
		48C3984EB5883E271FC11612 /* Pods-codeX.release.xcconfig */ = {isa = PBXFileReference; includeInIndex = 1; lastKnownFileType = text.xcconfig; name = "Pods-codeX.release.xcconfig"; path = "Pods/Target Support Files/Pods-codeX/Pods-codeX.release.xcconfig"; sourceTree = "<group>"; };
		7559EC5627270F82980E97D7 /* Pods_codeX.framework */ = {isa = PBXFileReference; explicitFileType = wrapper.framework; includeInIndex = 0; path = Pods_codeX.framework; sourceTree = BUILT_PRODUCTS_DIR; };
		967A012093B50D8DBEBBD136 /* Pods-codeX.debug.xcconfig */ = {isa = PBXFileReference; includeInIndex = 1; lastKnownFileType = text.xcconfig; name = "Pods-codeX.debug.xcconfig"; path = "Pods/Target Support Files/Pods-codeX/Pods-codeX.debug.xcconfig"; sourceTree = "<group>"; };
		980FE72D20BB574300D99417 /* codeX.app */ = {isa = PBXFileReference; explicitFileType = wrapper.application; includeInIndex = 0; path = codeX.app; sourceTree = BUILT_PRODUCTS_DIR; };
		980FE73020BB574300D99417 /* AppDelegate.swift */ = {isa = PBXFileReference; lastKnownFileType = sourcecode.swift; path = AppDelegate.swift; sourceTree = "<group>"; };
		980FE73220BB574300D99417 /* FeedVC.swift */ = {isa = PBXFileReference; lastKnownFileType = sourcecode.swift; path = FeedVC.swift; sourceTree = "<group>"; };
		980FE73420BB574300D99417 /* GroupVC.swift */ = {isa = PBXFileReference; lastKnownFileType = sourcecode.swift; path = GroupVC.swift; sourceTree = "<group>"; };
		980FE73720BB574300D99417 /* Base */ = {isa = PBXFileReference; lastKnownFileType = file.storyboard; name = Base; path = Base.lproj/Main.storyboard; sourceTree = "<group>"; };
		980FE73920BB574500D99417 /* Assets.xcassets */ = {isa = PBXFileReference; lastKnownFileType = folder.assetcatalog; path = Assets.xcassets; sourceTree = "<group>"; };
		980FE73C20BB574500D99417 /* Base */ = {isa = PBXFileReference; lastKnownFileType = file.storyboard; name = Base; path = Base.lproj/LaunchScreen.storyboard; sourceTree = "<group>"; };
		980FE73E20BB574500D99417 /* Info.plist */ = {isa = PBXFileReference; lastKnownFileType = text.plist.xml; path = Info.plist; sourceTree = "<group>"; };
		980FE74B20BB59FA00D99417 /* GoogleService-Info.plist */ = {isa = PBXFileReference; fileEncoding = 4; lastKnownFileType = text.plist.xml; path = "GoogleService-Info.plist"; sourceTree = "<group>"; };
		985BFD98211BB11C00DB10C2 /* MeVC.swift */ = {isa = PBXFileReference; lastKnownFileType = sourcecode.swift; path = MeVC.swift; sourceTree = "<group>"; };
		985BFD9A211BB5D600DB10C2 /* CreatePostVC.swift */ = {isa = PBXFileReference; lastKnownFileType = sourcecode.swift; path = CreatePostVC.swift; sourceTree = "<group>"; };
		986962172106995E00A0497E /* Pods_codeX.framework */ = {isa = PBXFileReference; explicitFileType = wrapper.framework; path = Pods_codeX.framework; sourceTree = BUILT_PRODUCTS_DIR; };
		986BF41C20BBB85C000EE0CD /* DataService.swift */ = {isa = PBXFileReference; lastKnownFileType = sourcecode.swift; path = DataService.swift; sourceTree = "<group>"; };
		986BF41E20BC768D000EE0CD /* AuthVC.swift */ = {isa = PBXFileReference; lastKnownFileType = sourcecode.swift; path = AuthVC.swift; sourceTree = "<group>"; };
		986BF42020BC76D7000EE0CD /* LoginVC.swift */ = {isa = PBXFileReference; lastKnownFileType = sourcecode.swift; path = LoginVC.swift; sourceTree = "<group>"; };
		986BF42220BC7724000EE0CD /* InsetTextField.swift */ = {isa = PBXFileReference; lastKnownFileType = sourcecode.swift; path = InsetTextField.swift; sourceTree = "<group>"; };
		986BF42420BC7A68000EE0CD /* ShadowView.swift */ = {isa = PBXFileReference; lastKnownFileType = sourcecode.swift; path = ShadowView.swift; sourceTree = "<group>"; };
		986BF42620BC7C6E000EE0CD /* AuthService.swift */ = {isa = PBXFileReference; lastKnownFileType = sourcecode.swift; path = AuthService.swift; sourceTree = "<group>"; };
		98A82E72211E31F300E7AC58 /* CreateGroupsVC.swift */ = {isa = PBXFileReference; lastKnownFileType = sourcecode.swift; path = CreateGroupsVC.swift; sourceTree = "<group>"; };
		98EF801F2129049900AFA00E /* UserCell.swift */ = {isa = PBXFileReference; lastKnownFileType = sourcecode.swift; path = UserCell.swift; sourceTree = "<group>"; };
		98EF80212129D48200AFA00E /* GroupCell.swift */ = {isa = PBXFileReference; lastKnownFileType = sourcecode.swift; path = GroupCell.swift; sourceTree = "<group>"; };
		98EF80232129DA8C00AFA00E /* Group.swift */ = {isa = PBXFileReference; lastKnownFileType = sourcecode.swift; path = Group.swift; sourceTree = "<group>"; };
		98F92DA5211D26D800E3EE00 /* UIViewExt.swift */ = {isa = PBXFileReference; lastKnownFileType = sourcecode.swift; path = UIViewExt.swift; sourceTree = "<group>"; };
		98F92DA7211D383200E3EE00 /* FeedCell.swift */ = {isa = PBXFileReference; lastKnownFileType = sourcecode.swift; path = FeedCell.swift; sourceTree = "<group>"; };
		98F92DA9211D39A300E3EE00 /* Message.swift */ = {isa = PBXFileReference; lastKnownFileType = sourcecode.swift; path = Message.swift; sourceTree = "<group>"; };
/* End PBXFileReference section */

/* Begin PBXFrameworksBuildPhase section */
		980FE72A20BB574300D99417 /* Frameworks */ = {
			isa = PBXFrameworksBuildPhase;
			buildActionMask = 2147483647;
			files = (
				986962182106995E00A0497E /* Pods_codeX.framework in Frameworks */,
			);
			runOnlyForDeploymentPostprocessing = 0;
		};
/* End PBXFrameworksBuildPhase section */

/* Begin PBXGroup section */
		236DB43063545F56E0A9F0E2 /* Pods */ = {
			isa = PBXGroup;
			children = (
				967A012093B50D8DBEBBD136 /* Pods-codeX.debug.xcconfig */,
				48C3984EB5883E271FC11612 /* Pods-codeX.release.xcconfig */,
			);
			name = Pods;
			sourceTree = "<group>";
		};
		3AC865312C6E11FDD49EC0A9 /* Frameworks */ = {
			isa = PBXGroup;
			children = (
				986962172106995E00A0497E /* Pods_codeX.framework */,
				7559EC5627270F82980E97D7 /* Pods_codeX.framework */,
			);
			name = Frameworks;
			sourceTree = "<group>";
		};
		980FE72420BB574300D99417 = {
			isa = PBXGroup;
			children = (
				980FE72F20BB574300D99417 /* codeX */,
				980FE72E20BB574300D99417 /* Products */,
				236DB43063545F56E0A9F0E2 /* Pods */,
				3AC865312C6E11FDD49EC0A9 /* Frameworks */,
			);
			sourceTree = "<group>";
		};
		980FE72E20BB574300D99417 /* Products */ = {
			isa = PBXGroup;
			children = (
				980FE72D20BB574300D99417 /* codeX.app */,
			);
			name = Products;
			sourceTree = "<group>";
		};
		980FE72F20BB574300D99417 /* codeX */ = {
			isa = PBXGroup;
			children = (
				980FE74A20BB591B00D99417 /* Services */,
				980FE74520BB580600D99417 /* Extensions */,
				980FE74920BB58DF00D99417 /* Model */,
				980FE74820BB58D500D99417 /* View */,
				980FE74420BB57FE00D99417 /* Controller */,
				980FE73020BB574300D99417 /* AppDelegate.swift */,
				980FE73620BB574300D99417 /* Main.storyboard */,
				980FE73920BB574500D99417 /* Assets.xcassets */,
				980FE73B20BB574500D99417 /* LaunchScreen.storyboard */,
				980FE73E20BB574500D99417 /* Info.plist */,
				980FE74B20BB59FA00D99417 /* GoogleService-Info.plist */,
			);
			path = codeX;
			sourceTree = "<group>";
		};
		980FE74420BB57FE00D99417 /* Controller */ = {
			isa = PBXGroup;
			children = (
				980FE73220BB574300D99417 /* FeedVC.swift */,
				980FE73420BB574300D99417 /* GroupVC.swift */,
				986BF42020BC76D7000EE0CD /* LoginVC.swift */,
				986BF41E20BC768D000EE0CD /* AuthVC.swift */,
				985BFD98211BB11C00DB10C2 /* MeVC.swift */,
				985BFD9A211BB5D600DB10C2 /* CreatePostVC.swift */,
				98A82E72211E31F300E7AC58 /* CreateGroupsVC.swift */,
			);
			path = Controller;
			sourceTree = "<group>";
		};
		980FE74520BB580600D99417 /* Extensions */ = {
			isa = PBXGroup;
			children = (
				98F92DA5211D26D800E3EE00 /* UIViewExt.swift */,
			);
			path = Extensions;
			sourceTree = "<group>";
		};
		980FE74820BB58D500D99417 /* View */ = {
			isa = PBXGroup;
			children = (
				986BF42220BC7724000EE0CD /* InsetTextField.swift */,
				986BF42420BC7A68000EE0CD /* ShadowView.swift */,
				98F92DA7211D383200E3EE00 /* FeedCell.swift */,
				98EF801F2129049900AFA00E /* UserCell.swift */,
				98EF80212129D48200AFA00E /* GroupCell.swift */,
			);
			path = View;
			sourceTree = "<group>";
		};
		980FE74920BB58DF00D99417 /* Model */ = {
			isa = PBXGroup;
			children = (
				98F92DA9211D39A300E3EE00 /* Message.swift */,
				98EF80232129DA8C00AFA00E /* Group.swift */,
			);
			path = Model;
			sourceTree = "<group>";
		};
		980FE74A20BB591B00D99417 /* Services */ = {
			isa = PBXGroup;
			children = (
				986BF41C20BBB85C000EE0CD /* DataService.swift */,
				986BF42620BC7C6E000EE0CD /* AuthService.swift */,
			);
			path = Services;
			sourceTree = "<group>";
		};
/* End PBXGroup section */

/* Begin PBXNativeTarget section */
		980FE72C20BB574300D99417 /* codeX */ = {
			isa = PBXNativeTarget;
			buildConfigurationList = 980FE74120BB574500D99417 /* Build configuration list for PBXNativeTarget "codeX" */;
			buildPhases = (
				41C9A9AD97DEE7418A7AF970 /* [CP] Check Pods Manifest.lock */,
				980FE72920BB574300D99417 /* Sources */,
				980FE72A20BB574300D99417 /* Frameworks */,
				980FE72B20BB574300D99417 /* Resources */,
				61D16253A6574E65B1BB39F2 /* [CP] Embed Pods Frameworks */,
			);
			buildRules = (
			);
			dependencies = (
			);
			name = codeX;
			productName = codeX;
			productReference = 980FE72D20BB574300D99417 /* codeX.app */;
			productType = "com.apple.product-type.application";
		};
/* End PBXNativeTarget section */

/* Begin PBXProject section */
		980FE72520BB574300D99417 /* Project object */ = {
			isa = PBXProject;
			attributes = {
				LastSwiftUpdateCheck = 0930;
				LastUpgradeCheck = 0930;
				ORGANIZATIONNAME = "Sebastian Crossa";
				TargetAttributes = {
					980FE72C20BB574300D99417 = {
						CreatedOnToolsVersion = 9.3.1;
					};
				};
			};
			buildConfigurationList = 980FE72820BB574300D99417 /* Build configuration list for PBXProject "codeX" */;
			compatibilityVersion = "Xcode 9.3";
			developmentRegion = en;
			hasScannedForEncodings = 0;
			knownRegions = (
				en,
				Base,
			);
			mainGroup = 980FE72420BB574300D99417;
			productRefGroup = 980FE72E20BB574300D99417 /* Products */;
			projectDirPath = "";
			projectRoot = "";
			targets = (
				980FE72C20BB574300D99417 /* codeX */,
			);
		};
/* End PBXProject section */

/* Begin PBXResourcesBuildPhase section */
		980FE72B20BB574300D99417 /* Resources */ = {
			isa = PBXResourcesBuildPhase;
			buildActionMask = 2147483647;
			files = (
				980FE74C20BB59FA00D99417 /* GoogleService-Info.plist in Resources */,
				980FE73D20BB574500D99417 /* LaunchScreen.storyboard in Resources */,
				980FE73A20BB574500D99417 /* Assets.xcassets in Resources */,
				980FE73820BB574300D99417 /* Main.storyboard in Resources */,
			);
			runOnlyForDeploymentPostprocessing = 0;
		};
/* End PBXResourcesBuildPhase section */

/* Begin PBXShellScriptBuildPhase section */
		41C9A9AD97DEE7418A7AF970 /* [CP] Check Pods Manifest.lock */ = {
			isa = PBXShellScriptBuildPhase;
			buildActionMask = 2147483647;
			files = (
			);
			inputPaths = (
				"${PODS_PODFILE_DIR_PATH}/Podfile.lock",
				"${PODS_ROOT}/Manifest.lock",
			);
			name = "[CP] Check Pods Manifest.lock";
			outputPaths = (
				"$(DERIVED_FILE_DIR)/Pods-codeX-checkManifestLockResult.txt",
			);
			runOnlyForDeploymentPostprocessing = 0;
			shellPath = /bin/sh;
			shellScript = "diff \"${PODS_PODFILE_DIR_PATH}/Podfile.lock\" \"${PODS_ROOT}/Manifest.lock\" > /dev/null\nif [ $? != 0 ] ; then\n    # print error to STDERR\n    echo \"error: The sandbox is not in sync with the Podfile.lock. Run 'pod install' or update your CocoaPods installation.\" >&2\n    exit 1\nfi\n# This output is used by Xcode 'outputs' to avoid re-running this script phase.\necho \"SUCCESS\" > \"${SCRIPT_OUTPUT_FILE_0}\"\n";
			showEnvVarsInLog = 0;
		};
		61D16253A6574E65B1BB39F2 /* [CP] Embed Pods Frameworks */ = {
			isa = PBXShellScriptBuildPhase;
			buildActionMask = 2147483647;
			files = (
			);
			inputPaths = (
				"${SRCROOT}/Pods/Target Support Files/Pods-codeX/Pods-codeX-frameworks.sh",
				"${BUILT_PRODUCTS_DIR}/GTMSessionFetcher/GTMSessionFetcher.framework",
				"${BUILT_PRODUCTS_DIR}/GoogleUtilities/GoogleUtilities.framework",
				"${BUILT_PRODUCTS_DIR}/leveldb-library/leveldb.framework",
				"${BUILT_PRODUCTS_DIR}/nanopb/nanopb.framework",
			);
			name = "[CP] Embed Pods Frameworks";
			outputPaths = (
				"${TARGET_BUILD_DIR}/${FRAMEWORKS_FOLDER_PATH}/GTMSessionFetcher.framework",
				"${TARGET_BUILD_DIR}/${FRAMEWORKS_FOLDER_PATH}/GoogleUtilities.framework",
				"${TARGET_BUILD_DIR}/${FRAMEWORKS_FOLDER_PATH}/leveldb.framework",
				"${TARGET_BUILD_DIR}/${FRAMEWORKS_FOLDER_PATH}/nanopb.framework",
			);
			runOnlyForDeploymentPostprocessing = 0;
			shellPath = /bin/sh;
			shellScript = "\"${SRCROOT}/Pods/Target Support Files/Pods-codeX/Pods-codeX-frameworks.sh\"\n";
			showEnvVarsInLog = 0;
		};
/* End PBXShellScriptBuildPhase section */

/* Begin PBXSourcesBuildPhase section */
		980FE72920BB574300D99417 /* Sources */ = {
			isa = PBXSourcesBuildPhase;
			buildActionMask = 2147483647;
			files = (
				98F92DA6211D26D800E3EE00 /* UIViewExt.swift in Sources */,
				98F92DA8211D383200E3EE00 /* FeedCell.swift in Sources */,
				985BFD99211BB11C00DB10C2 /* MeVC.swift in Sources */,
				98EF80222129D48200AFA00E /* GroupCell.swift in Sources */,
				986BF41F20BC768D000EE0CD /* AuthVC.swift in Sources */,
				980FE73520BB574300D99417 /* GroupVC.swift in Sources */,
				986BF42120BC76D7000EE0CD /* LoginVC.swift in Sources */,
				986BF42720BC7C6E000EE0CD /* AuthService.swift in Sources */,
				98A82E73211E31F300E7AC58 /* CreateGroupsVC.swift in Sources */,
				98EF80242129DA8C00AFA00E /* Group.swift in Sources */,
				98EF80202129049900AFA00E /* UserCell.swift in Sources */,
				980FE73120BB574300D99417 /* AppDelegate.swift in Sources */,
				986BF42520BC7A68000EE0CD /* ShadowView.swift in Sources */,
				985BFD9B211BB5D600DB10C2 /* CreatePostVC.swift in Sources */,
				980FE73320BB574300D99417 /* FeedVC.swift in Sources */,
				986BF42320BC7724000EE0CD /* InsetTextField.swift in Sources */,
				986BF41D20BBB85C000EE0CD /* DataService.swift in Sources */,
				98F92DAA211D39A300E3EE00 /* Message.swift in Sources */,
			);
			runOnlyForDeploymentPostprocessing = 0;
		};
/* End PBXSourcesBuildPhase section */

/* Begin PBXVariantGroup section */
		980FE73620BB574300D99417 /* Main.storyboard */ = {
			isa = PBXVariantGroup;
			children = (
				980FE73720BB574300D99417 /* Base */,
			);
			name = Main.storyboard;
			sourceTree = "<group>";
		};
		980FE73B20BB574500D99417 /* LaunchScreen.storyboard */ = {
			isa = PBXVariantGroup;
			children = (
				980FE73C20BB574500D99417 /* Base */,
			);
			name = LaunchScreen.storyboard;
			sourceTree = "<group>";
		};
/* End PBXVariantGroup section */

/* Begin XCBuildConfiguration section */
		980FE73F20BB574500D99417 /* Debug */ = {
			isa = XCBuildConfiguration;
			buildSettings = {
				ALWAYS_SEARCH_USER_PATHS = NO;
				CLANG_ANALYZER_NONNULL = YES;
				CLANG_ANALYZER_NUMBER_OBJECT_CONVERSION = YES_AGGRESSIVE;
				CLANG_CXX_LANGUAGE_STANDARD = "gnu++14";
				CLANG_CXX_LIBRARY = "libc++";
				CLANG_ENABLE_MODULES = YES;
				CLANG_ENABLE_OBJC_ARC = YES;
				CLANG_ENABLE_OBJC_WEAK = YES;
				CLANG_WARN_BLOCK_CAPTURE_AUTORELEASING = YES;
				CLANG_WARN_BOOL_CONVERSION = YES;
				CLANG_WARN_COMMA = YES;
				CLANG_WARN_CONSTANT_CONVERSION = YES;
				CLANG_WARN_DEPRECATED_OBJC_IMPLEMENTATIONS = YES;
				CLANG_WARN_DIRECT_OBJC_ISA_USAGE = YES_ERROR;
				CLANG_WARN_DOCUMENTATION_COMMENTS = YES;
				CLANG_WARN_EMPTY_BODY = YES;
				CLANG_WARN_ENUM_CONVERSION = YES;
				CLANG_WARN_INFINITE_RECURSION = YES;
				CLANG_WARN_INT_CONVERSION = YES;
				CLANG_WARN_NON_LITERAL_NULL_CONVERSION = YES;
				CLANG_WARN_OBJC_IMPLICIT_RETAIN_SELF = YES;
				CLANG_WARN_OBJC_LITERAL_CONVERSION = YES;
				CLANG_WARN_OBJC_ROOT_CLASS = YES_ERROR;
				CLANG_WARN_RANGE_LOOP_ANALYSIS = YES;
				CLANG_WARN_STRICT_PROTOTYPES = YES;
				CLANG_WARN_SUSPICIOUS_MOVE = YES;
				CLANG_WARN_UNGUARDED_AVAILABILITY = YES_AGGRESSIVE;
				CLANG_WARN_UNREACHABLE_CODE = YES;
				CLANG_WARN__DUPLICATE_METHOD_MATCH = YES;
				CODE_SIGN_IDENTITY = "iPhone Developer";
				COPY_PHASE_STRIP = NO;
				DEBUG_INFORMATION_FORMAT = dwarf;
				ENABLE_STRICT_OBJC_MSGSEND = YES;
				ENABLE_TESTABILITY = YES;
				GCC_C_LANGUAGE_STANDARD = gnu11;
				GCC_DYNAMIC_NO_PIC = NO;
				GCC_NO_COMMON_BLOCKS = YES;
				GCC_OPTIMIZATION_LEVEL = 0;
				GCC_PREPROCESSOR_DEFINITIONS = (
					"DEBUG=1",
					"$(inherited)",
				);
				GCC_WARN_64_TO_32_BIT_CONVERSION = YES;
				GCC_WARN_ABOUT_RETURN_TYPE = YES_ERROR;
				GCC_WARN_UNDECLARED_SELECTOR = YES;
				GCC_WARN_UNINITIALIZED_AUTOS = YES_AGGRESSIVE;
				GCC_WARN_UNUSED_FUNCTION = YES;
				GCC_WARN_UNUSED_VARIABLE = YES;
				IPHONEOS_DEPLOYMENT_TARGET = 11.3;
				MTL_ENABLE_DEBUG_INFO = YES;
				ONLY_ACTIVE_ARCH = YES;
				SDKROOT = iphoneos;
				SWIFT_ACTIVE_COMPILATION_CONDITIONS = DEBUG;
				SWIFT_OPTIMIZATION_LEVEL = "-Onone";
			};
			name = Debug;
		};
		980FE74020BB574500D99417 /* Release */ = {
			isa = XCBuildConfiguration;
			buildSettings = {
				ALWAYS_SEARCH_USER_PATHS = NO;
				CLANG_ANALYZER_NONNULL = YES;
				CLANG_ANALYZER_NUMBER_OBJECT_CONVERSION = YES_AGGRESSIVE;
				CLANG_CXX_LANGUAGE_STANDARD = "gnu++14";
				CLANG_CXX_LIBRARY = "libc++";
				CLANG_ENABLE_MODULES = YES;
				CLANG_ENABLE_OBJC_ARC = YES;
				CLANG_ENABLE_OBJC_WEAK = YES;
				CLANG_WARN_BLOCK_CAPTURE_AUTORELEASING = YES;
				CLANG_WARN_BOOL_CONVERSION = YES;
				CLANG_WARN_COMMA = YES;
				CLANG_WARN_CONSTANT_CONVERSION = YES;
				CLANG_WARN_DEPRECATED_OBJC_IMPLEMENTATIONS = YES;
				CLANG_WARN_DIRECT_OBJC_ISA_USAGE = YES_ERROR;
				CLANG_WARN_DOCUMENTATION_COMMENTS = YES;
				CLANG_WARN_EMPTY_BODY = YES;
				CLANG_WARN_ENUM_CONVERSION = YES;
				CLANG_WARN_INFINITE_RECURSION = YES;
				CLANG_WARN_INT_CONVERSION = YES;
				CLANG_WARN_NON_LITERAL_NULL_CONVERSION = YES;
				CLANG_WARN_OBJC_IMPLICIT_RETAIN_SELF = YES;
				CLANG_WARN_OBJC_LITERAL_CONVERSION = YES;
				CLANG_WARN_OBJC_ROOT_CLASS = YES_ERROR;
				CLANG_WARN_RANGE_LOOP_ANALYSIS = YES;
				CLANG_WARN_STRICT_PROTOTYPES = YES;
				CLANG_WARN_SUSPICIOUS_MOVE = YES;
				CLANG_WARN_UNGUARDED_AVAILABILITY = YES_AGGRESSIVE;
				CLANG_WARN_UNREACHABLE_CODE = YES;
				CLANG_WARN__DUPLICATE_METHOD_MATCH = YES;
				CODE_SIGN_IDENTITY = "iPhone Developer";
				COPY_PHASE_STRIP = NO;
				DEBUG_INFORMATION_FORMAT = "dwarf-with-dsym";
				ENABLE_NS_ASSERTIONS = NO;
				ENABLE_STRICT_OBJC_MSGSEND = YES;
				GCC_C_LANGUAGE_STANDARD = gnu11;
				GCC_NO_COMMON_BLOCKS = YES;
				GCC_WARN_64_TO_32_BIT_CONVERSION = YES;
				GCC_WARN_ABOUT_RETURN_TYPE = YES_ERROR;
				GCC_WARN_UNDECLARED_SELECTOR = YES;
				GCC_WARN_UNINITIALIZED_AUTOS = YES_AGGRESSIVE;
				GCC_WARN_UNUSED_FUNCTION = YES;
				GCC_WARN_UNUSED_VARIABLE = YES;
				IPHONEOS_DEPLOYMENT_TARGET = 11.3;
				MTL_ENABLE_DEBUG_INFO = NO;
				SDKROOT = iphoneos;
				SWIFT_COMPILATION_MODE = wholemodule;
				SWIFT_OPTIMIZATION_LEVEL = "-O";
				VALIDATE_PRODUCT = YES;
			};
			name = Release;
		};
		980FE74220BB574500D99417 /* Debug */ = {
			isa = XCBuildConfiguration;
			baseConfigurationReference = 967A012093B50D8DBEBBD136 /* Pods-codeX.debug.xcconfig */;
			buildSettings = {
				ASSETCATALOG_COMPILER_APPICON_NAME = AppIcon;
				CODE_SIGN_STYLE = Automatic;
				DEVELOPMENT_TEAM = 29BFEDRFS6;
				INFOPLIST_FILE = codeX/Info.plist;
				IPHONEOS_DEPLOYMENT_TARGET = 11;
				LD_RUNPATH_SEARCH_PATHS = (
					"$(inherited)",
					"@executable_path/Frameworks",
				);
				PRODUCT_BUNDLE_IDENTIFIER = com.sebastiancrossa.codeX;
				PRODUCT_NAME = "$(TARGET_NAME)";
				SWIFT_VERSION = 4.0;
				TARGETED_DEVICE_FAMILY = "1,2";
			};
			name = Debug;
		};
		980FE74320BB574500D99417 /* Release */ = {
			isa = XCBuildConfiguration;
			baseConfigurationReference = 48C3984EB5883E271FC11612 /* Pods-codeX.release.xcconfig */;
			buildSettings = {
				ASSETCATALOG_COMPILER_APPICON_NAME = AppIcon;
				CODE_SIGN_STYLE = Automatic;
				DEVELOPMENT_TEAM = 29BFEDRFS6;
				INFOPLIST_FILE = codeX/Info.plist;
				IPHONEOS_DEPLOYMENT_TARGET = 11;
				LD_RUNPATH_SEARCH_PATHS = (
					"$(inherited)",
					"@executable_path/Frameworks",
				);
				PRODUCT_BUNDLE_IDENTIFIER = com.sebastiancrossa.codeX;
				PRODUCT_NAME = "$(TARGET_NAME)";
				SWIFT_VERSION = 4.0;
				TARGETED_DEVICE_FAMILY = "1,2";
			};
			name = Release;
		};
/* End XCBuildConfiguration section */

/* Begin XCConfigurationList section */
		980FE72820BB574300D99417 /* Build configuration list for PBXProject "codeX" */ = {
			isa = XCConfigurationList;
			buildConfigurations = (
				980FE73F20BB574500D99417 /* Debug */,
				980FE74020BB574500D99417 /* Release */,
			);
			defaultConfigurationIsVisible = 0;
			defaultConfigurationName = Release;
		};
		980FE74120BB574500D99417 /* Build configuration list for PBXNativeTarget "codeX" */ = {
			isa = XCConfigurationList;
			buildConfigurations = (
				980FE74220BB574500D99417 /* Debug */,
				980FE74320BB574500D99417 /* Release */,
			);
			defaultConfigurationIsVisible = 0;
			defaultConfigurationName = Release;
		};
/* End XCConfigurationList section */
	};
	rootObject = 980FE72520BB574300D99417 /* Project object */;
}
